
Microsoft Visual Studio Solution File, Format Version 12.00
# Visual Studio 14
VisualStudioVersion = 14.0.23107.0
MinimumVisualStudioVersion = 10.0.40219.1
Project("{FAE04EC0-301F-11D3-BF4B-00C04F79EFBC}") = "SportsStore.UnitTests", "SportsStore.UnitTests\SportsStore.UnitTests.csproj", "{2A480A7E-11BA-4F3C-AE5E-92BD9195CABE}"
EndProject
Project("{FAE04EC0-301F-11D3-BF4B-00C04F79EFBC}") = "SportsStore.WebUI", "SportsStore.WebUI\SportsStore.WebUI.csproj", "{A7756FD9-8DF9-42F3-A921-6BA111CF1210}"
EndProject
Project("{FAE04EC0-301F-11D3-BF4B-00C04F79EFBC}") = "SportsStore.Domain", "SportsStore.Domain\SportsStore.Domain.csproj", "{801475E6-FD60-4CA7-8D26-9B509DAE851B}"
EndProject
Global
	GlobalSection(SolutionConfigurationPlatforms) = preSolution
		Debug|Any CPU = Debug|Any CPU
		Release|Any CPU = Release|Any CPU
	EndGlobalSection
	GlobalSection(ProjectConfigurationPlatforms) = postSolution
		{2A480A7E-11BA-4F3C-AE5E-92BD9195CABE}.Debug|Any CPU.ActiveCfg = Debug|Any CPU
		{2A480A7E-11BA-4F3C-AE5E-92BD9195CABE}.Debug|Any CPU.Build.0 = Debug|Any CPU
		{2A480A7E-11BA-4F3C-AE5E-92BD9195CABE}.Release|Any CPU.ActiveCfg = Release|Any CPU
		{2A480A7E-11BA-4F3C-AE5E-92BD9195CABE}.Release|Any CPU.Build.0 = Release|Any CPU
		{A7756FD9-8DF9-42F3-A921-6BA111CF1210}.Debug|Any CPU.ActiveCfg = Debug|Any CPU
		{A7756FD9-8DF9-42F3-A921-6BA111CF1210}.Debug|Any CPU.Build.0 = Debug|Any CPU
		{A7756FD9-8DF9-42F3-A921-6BA111CF1210}.Release|Any CPU.ActiveCfg = Release|Any CPU
		{A7756FD9-8DF9-42F3-A921-6BA111CF1210}.Release|Any CPU.Build.0 = Release|Any CPU
		{801475E6-FD60-4CA7-8D26-9B509DAE851B}.Debug|Any CPU.ActiveCfg = Debug|Any CPU
		{801475E6-FD60-4CA7-8D26-9B509DAE851B}.Debug|Any CPU.Build.0 = Debug|Any CPU
		{801475E6-FD60-4CA7-8D26-9B509DAE851B}.Release|Any CPU.ActiveCfg = Release|Any CPU
		{801475E6-FD60-4CA7-8D26-9B509DAE851B}.Release|Any CPU.Build.0 = Release|Any CPU
	EndGlobalSection
	GlobalSection(SolutionProperties) = preSolution
		HideSolutionNode = FALSE
	EndGlobalSection
EndGlobal
